
Microsoft Visual Studio Solution File, Format Version 12.00
# Visual Studio Version 17
VisualStudioVersion = 17.0.31912.275
MinimumVisualStudioVersion = 10.0.40219.1
Project("{2150E333-8FDC-42A3-9474-1A3956D46DE8}") = "Serviçosdistribuidos", "Serviçosdistribuidos", "{FBA182FB-AE6B-46B7-8ACF-5F1E16F7C1C8}"
EndProject
Project("{FAE04EC0-301F-11D3-BF4B-00C04F79EFBC}") = "Contratos", "Contratos\Contratos.csproj", "{909DE045-F253-4CF8-A0C3-1B6389FA5679}"
EndProject
Project("{FAE04EC0-301F-11D3-BF4B-00C04F79EFBC}") = "ServicoDistribuido", "ServicoDistribuido\ServicoDistribuido.csproj", "{F3DB589F-1376-413D-A12E-ECF01BAC3928}"
EndProject
Project("{2150E333-8FDC-42A3-9474-1A3956D46DE8}") = "InjecaoDependencia", "InjecaoDependencia", "{F2564AAE-00BA-4F18-AA01-A4F15F6FBC57}"
EndProject
Project("{9A19103F-16F7-4668-BE54-9A1E7A4F7556}") = "ConsoleDependecyInjection", "ConsoleDependecyInjection\ConsoleDependecyInjection.csproj", "{0F8B1EE6-AB50-46D9-9678-81BF127D7DCA}"
EndProject
Project("{9A19103F-16F7-4668-BE54-9A1E7A4F7556}") = "DemoServices", "DemoServices\DemoServices.csproj", "{B8161E9C-E910-4893-BB5B-BAE602A6E985}"
EndProject
Project("{9A19103F-16F7-4668-BE54-9A1E7A4F7556}") = "TempoDeVida", "TempoDeVida\TempoDeVida.csproj", "{D24E6DDF-4093-4903-9330-3BE023175779}"
EndProject
Project("{9A19103F-16F7-4668-BE54-9A1E7A4F7556}") = "ConsoleTipoGenerico", "ConsoleTipoGenerico\ConsoleTipoGenerico.csproj", "{F805C9C7-99D2-42E3-9209-808A078FCA78}"
EndProject
Project("{9A19103F-16F7-4668-BE54-9A1E7A4F7556}") = "ConsoleMultiplosRegistros", "ConsoleMultiplosRegistros\ConsoleMultiplosRegistros.csproj", "{3D757C0A-3DE2-40AF-90CD-1131627F446C}"
EndProject
Project("{2150E333-8FDC-42A3-9474-1A3956D46DE8}") = "Factory", "Factory", "{4E6500F7-D030-4109-B1EE-B2C5FCE5805D}"
EndProject
Project("{9A19103F-16F7-4668-BE54-9A1E7A4F7556}") = "FactorySample", "FactorySample\FactorySample.csproj", "{7442F3B2-0315-48B3-9500-D366CC8CB6CF}"
EndProject
Project("{9A19103F-16F7-4668-BE54-9A1E7A4F7556}") = "InjecaoDependenciaS1", "InjecaoDependenciaS1\InjecaoDependenciaS1.csproj", "{ED0D4737-ECB5-4E08-BEFD-631C5198897A}"
EndProject
Project("{9A19103F-16F7-4668-BE54-9A1E7A4F7556}") = "GettingStarted", "GettingStarted\GettingStarted.csproj", "{D9749351-3A7F-419D-9134-71B2B59E5F93}"
EndProject
Project("{2150E333-8FDC-42A3-9474-1A3956D46DE8}") = "MassTransit", "MassTransit", "{31E95127-1526-4593-B8A6-4A1D5B72B514}"
EndProject
Project("{2150E333-8FDC-42A3-9474-1A3956D46DE8}") = "ServiceBusAzureSample", "ServiceBusAzureSample", "{E037F4EC-C4FB-4190-8E41-DA51EF56F76A}"
EndProject
Project("{9A19103F-16F7-4668-BE54-9A1E7A4F7556}") = "Sender", "Mensageria\Sender\Sender\Sender.csproj", "{F7C6FE3D-6A29-4AF9-9D81-3B315F395255}"
EndProject
Project("{9A19103F-16F7-4668-BE54-9A1E7A4F7556}") = "Receiver", "Mensageria\Receiver\Receiver\Receiver.csproj", "{59E10F4F-0800-423B-9716-7F66556C7DDC}"
EndProject
Project("{9A19103F-16F7-4668-BE54-9A1E7A4F7556}") = "TopicSender", "Mensageria\TopicSender\TopicSender\TopicSender.csproj", "{7DED34D7-5A4B-4527-9160-689D3CC0F763}"
EndProject
Project("{9A19103F-16F7-4668-BE54-9A1E7A4F7556}") = "SubscriptionReceiver", "Mensageria\SubscriptionReceiver\SubscriptionReceiver\SubscriptionReceiver.csproj", "{A0E5E8AB-5904-4133-9B97-B83B635743C3}"
EndProject
Project("{2150E333-8FDC-42A3-9474-1A3956D46DE8}") = "Decorator", "Decorator", "{77AE5DC9-0FE0-4D1E-B303-FB3D2BF22331}"
EndProject
Project("{9A19103F-16F7-4668-BE54-9A1E7A4F7556}") = "Decorator", "Decorator\Decorator.csproj", "{6974C44E-BA56-4938-9703-997797A0B178}"
EndProject
Project("{2150E333-8FDC-42A3-9474-1A3956D46DE8}") = "Lessons", "Lessons", "{128B6688-F51A-4ABC-ADB5-EB68AE396244}"
EndProject
Project("{9A19103F-16F7-4668-BE54-9A1E7A4F7556}") = "Lessons", "Lessons\Lessons\Lessons.csproj", "{84722376-013E-4A4E-81FA-C02B26EBD93F}"
EndProject
Project("{2150E333-8FDC-42A3-9474-1A3956D46DE8}") = "AzureFunctions", "AzureFunctions", "{FA4C8E14-B9A2-42FC-9780-73587400B4B6}"
EndProject
Project("{9A19103F-16F7-4668-BE54-9A1E7A4F7556}") = "SampleFunctions", "AzureFunctionsVS\SampleFunctions\SampleFunctions.csproj", "{B15D9091-A41E-4B54-8392-84A7B27AA5C4}"
EndProject
Project("{9A19103F-16F7-4668-BE54-9A1E7A4F7556}") = "WorkerService1", "WorkerService1\WorkerService1.csproj", "{DA076366-830D-4DCB-9830-17BCAC90EC1A}"
EndProject
Project("{2150E333-8FDC-42A3-9474-1A3956D46DE8}") = "DDD-Specifications", "DDD-Specifications", "{24A3C970-E605-4C8C-AFA9-637BDD51E7F1}"
EndProject
Project("{9A19103F-16F7-4668-BE54-9A1E7A4F7556}") = "Specifications", "..\Specifications\Specifications.csproj", "{0F3FFB8F-4C23-468C-992D-67EE67C66BA1}"
EndProject
Project("{2150E333-8FDC-42A3-9474-1A3956D46DE8}") = "DDD Repositorios", "DDD Repositorios", "{398A00A5-9E51-40BE-9DDF-9979578FBCEF}"
EndProject
Project("{9A19103F-16F7-4668-BE54-9A1E7A4F7556}") = "Repoapp", "..\Repoapp\Repoapp.csproj", "{18E75E70-A3AD-4610-A4F6-005713605126}"
EndProject
Project("{2150E333-8FDC-42A3-9474-1A3956D46DE8}") = "Diversos", "Diversos", "{324E51CE-8124-4986-9DD1-7F46E3A1024D}"
EndProject
Project("{9A19103F-16F7-4668-BE54-9A1E7A4F7556}") = "ConsoleApp1", "..\ConsoleApp1\ConsoleApp1.csproj", "{045FDE6D-F0EF-4306-A9D3-F2B7DB60B3A5}"
EndProject
Project("{2150E333-8FDC-42A3-9474-1A3956D46DE8}") = "Reflection", "Reflection", "{273247F9-3A92-4C53-A90B-EFC455367977}"
EndProject
Project("{9A19103F-16F7-4668-BE54-9A1E7A4F7556}") = "Reflection", "..\Reflection\Reflection.csproj", "{90FF71A6-979F-4D8C-A268-4A072D1E96B4}"
EndProject
Project("{9A19103F-16F7-4668-BE54-9A1E7A4F7556}") = "CShp_Reflection", "..\CShp_Reflection\CShp_Reflection.csproj", "{D0D6CBF6-5A40-4ED7-9221-A4C9CDF4ADB6}"
EndProject
Project("{9A19103F-16F7-4668-BE54-9A1E7A4F7556}") = "CalculoAbatimento", "..\CalculoAbatimento\CalculoAbatimento.csproj", "{887D2C05-B3CC-429F-B991-13CEB906ACA2}"
EndProject
Project("{2150E333-8FDC-42A3-9474-1A3956D46DE8}") = "Genericos", "Genericos", "{919E4514-6223-4C1C-B7BC-C178653E4625}"
EndProject
Project("{9A19103F-16F7-4668-BE54-9A1E7A4F7556}") = "Genericos", "..\Genericos\Genericos.csproj", "{E6ABA7E6-8463-48DD-9B76-471FE21EC48A}"
EndProject
Project("{2150E333-8FDC-42A3-9474-1A3956D46DE8}") = "apirapida", "apirapida", "{B3D0DE76-6001-4424-8CED-A232BF116E01}"
EndProject
Project("{9A19103F-16F7-4668-BE54-9A1E7A4F7556}") = "wAPITeste", "..\wAPITeste\wAPITeste.csproj", "{39AA9B24-1579-454B-9145-1B34EC90613E}"
EndProject
Project("{9A19103F-16F7-4668-BE54-9A1E7A4F7556}") = "APICliente", "..\APICliente\APICliente.csproj", "{823E737A-3887-4EFB-BA4D-FECCF900E451}"
EndProject
Project("{9A19103F-16F7-4668-BE54-9A1E7A4F7556}") = "wTeste", "..\wTeste\wTeste.csproj", "{2A097BB2-08A9-4DDA-B283-C5E60C1BCB0D}"
EndProject
Project("{2150E333-8FDC-42A3-9474-1A3956D46DE8}") = "JSFramework", "JSFramework", "{F4A4BCF3-DAE4-4237-8E8B-7BA60BAA8A9A}"
EndProject
Project("{9A19103F-16F7-4668-BE54-9A1E7A4F7556}") = "React1", "..\React1\React1.csproj", "{DDE605F3-3C82-424C-9CEE-C9178A38F084}"
EndProject
Project("{2150E333-8FDC-42A3-9474-1A3956D46DE8}") = "log4netlearn", "log4netlearn", "{9D0C2577-9E72-44B8-804E-0077F12D5192}"
EndProject
Project("{9A19103F-16F7-4668-BE54-9A1E7A4F7556}") = "EstudoLog4net", "..\EstudoLog4net\EstudoLog4net.csproj", "{3EF32C93-CFEB-4BAE-87E8-576A13C41F34}"
EndProject
Project("{2150E333-8FDC-42A3-9474-1A3956D46DE8}") = "AzureQueue", "AzureQueue", "{A1360DE7-EBA4-44C3-AFFE-35F2B5EF3240}"
EndProject
Project("{9A19103F-16F7-4668-BE54-9A1E7A4F7556}") = "ManageMessage", "AzureQueue\ManageMessage\ManageMessage.csproj", "{D0E46C0A-A400-4307-BECE-96113F1ADD6E}"
EndProject
Project("{9A19103F-16F7-4668-BE54-9A1E7A4F7556}") = "StorageQueueApp", "AzureQueue\mslearn-communicate-with-storage-queues\start\StorageQueueApp.csproj", "{3E776FAB-0E49-4BB8-8D1B-139068609A5A}"
EndProject
Project("{9A19103F-16F7-4668-BE54-9A1E7A4F7556}") = "ConsoleApp2", "AzureQueue\InDocker\teste\ConsoleApp2\ConsoleApp2.csproj", "{780F8C7E-9308-4668-A01E-E0FB98C9A2B5}"
EndProject
Project("{2150E333-8FDC-42A3-9474-1A3956D46DE8}") = "NewFolder1", "NewFolder1", "{55E29385-AD2D-4359-86CD-41333E0609FB}"
EndProject
Project("{FAE04EC0-301F-11D3-BF4B-00C04F79EFBC}") = "msgBroker", "AzureBroker\msgBroker\msgBroker.csproj", "{F3E0C13D-D82B-4C4B-89EA-F3070EAEEB04}"
EndProject
Project("{FAE04EC0-301F-11D3-BF4B-00C04F79EFBC}") = "apiSimples", "APIDOZERO\apiSimples\apiSimples.csproj", "{12944D7A-D805-4A04-86F6-6E3424743439}"
EndProject
Project("{2150E333-8FDC-42A3-9474-1A3956D46DE8}") = "CQRS", "CQRS", "{4347004C-3948-4246-A16D-1CB172CF234E}"
EndProject
Project("{9A19103F-16F7-4668-BE54-9A1E7A4F7556}") = "CQRS", "CQRS\WebApplication1\CQRS.csproj", "{DDFB30A1-4478-4617-8D51-CC67877F92E7}"
EndProject
Project("{2150E333-8FDC-42A3-9474-1A3956D46DE8}") = "DesignPrinciples", "DesignPrinciples", "{768FA4BA-E778-4AAB-A77C-4CA83642B822}"
EndProject
Project("{FAE04EC0-301F-11D3-BF4B-00C04F79EFBC}") = "DesignPrincipleIOC", "DesignPrinciples\DesignPrincipleIOC\DesignPrincipleIOC.csproj", "{74E4841D-8919-4AD7-828E-90DEB9D00E33}"
EndProject
Project("{9A19103F-16F7-4668-BE54-9A1E7A4F7556}") = "apiAuth", "apiAuth\apiAuth\apiAuth.csproj", "{EABFAD3E-67A0-42A4-9A75-5441F4214848}"
EndProject
Project("{2150E333-8FDC-42A3-9474-1A3956D46DE8}") = "DapperPostGree", "DapperPostGree", "{BB83C8AB-97D0-42D6-9451-6D1D94B8BC97}"
EndProject
Project("{9A19103F-16F7-4668-BE54-9A1E7A4F7556}") = "DapperPostgree", "DapperPostgree\DapperPostgree.csproj", "{A52463D9-250F-4BB0-9710-46A3A99DDD42}"
EndProject
Project("{2150E333-8FDC-42A3-9474-1A3956D46DE8}") = "MongoDBCloud", "MongoDBCloud", "{B8C9016A-CFF8-4F7C-9670-7C326396265D}"
EndProject
Project("{FAE04EC0-301F-11D3-BF4B-00C04F79EFBC}") = "MongoDBAccess", "MongoDBAccess\MongoDBAccess.csproj", "{851AC221-2EB5-4E01-B2FD-BB044F31CE1B}"
EndProject
Project("{FAE04EC0-301F-11D3-BF4B-00C04F79EFBC}") = "MongoConsole", "MongoConsole\MongoConsole.csproj", "{45BFA84A-6398-4F8C-BBDA-10FB9F080375}"
EndProject
Global
	GlobalSection(SolutionConfigurationPlatforms) = preSolution
		Debug|Any CPU = Debug|Any CPU
		Release|Any CPU = Release|Any CPU
	EndGlobalSection
	GlobalSection(ProjectConfigurationPlatforms) = postSolution
		{909DE045-F253-4CF8-A0C3-1B6389FA5679}.Debug|Any CPU.ActiveCfg = Debug|Any CPU
		{909DE045-F253-4CF8-A0C3-1B6389FA5679}.Debug|Any CPU.Build.0 = Debug|Any CPU
		{909DE045-F253-4CF8-A0C3-1B6389FA5679}.Release|Any CPU.ActiveCfg = Release|Any CPU
		{909DE045-F253-4CF8-A0C3-1B6389FA5679}.Release|Any CPU.Build.0 = Release|Any CPU
		{F3DB589F-1376-413D-A12E-ECF01BAC3928}.Debug|Any CPU.ActiveCfg = Debug|Any CPU
		{F3DB589F-1376-413D-A12E-ECF01BAC3928}.Debug|Any CPU.Build.0 = Debug|Any CPU
		{F3DB589F-1376-413D-A12E-ECF01BAC3928}.Release|Any CPU.ActiveCfg = Release|Any CPU
		{F3DB589F-1376-413D-A12E-ECF01BAC3928}.Release|Any CPU.Build.0 = Release|Any CPU
		{0F8B1EE6-AB50-46D9-9678-81BF127D7DCA}.Debug|Any CPU.ActiveCfg = Debug|Any CPU
		{0F8B1EE6-AB50-46D9-9678-81BF127D7DCA}.Debug|Any CPU.Build.0 = Debug|Any CPU
		{0F8B1EE6-AB50-46D9-9678-81BF127D7DCA}.Release|Any CPU.ActiveCfg = Release|Any CPU
		{0F8B1EE6-AB50-46D9-9678-81BF127D7DCA}.Release|Any CPU.Build.0 = Release|Any CPU
		{B8161E9C-E910-4893-BB5B-BAE602A6E985}.Debug|Any CPU.ActiveCfg = Debug|Any CPU
		{B8161E9C-E910-4893-BB5B-BAE602A6E985}.Debug|Any CPU.Build.0 = Debug|Any CPU
		{B8161E9C-E910-4893-BB5B-BAE602A6E985}.Release|Any CPU.ActiveCfg = Release|Any CPU
		{B8161E9C-E910-4893-BB5B-BAE602A6E985}.Release|Any CPU.Build.0 = Release|Any CPU
		{D24E6DDF-4093-4903-9330-3BE023175779}.Debug|Any CPU.ActiveCfg = Debug|Any CPU
		{D24E6DDF-4093-4903-9330-3BE023175779}.Debug|Any CPU.Build.0 = Debug|Any CPU
		{D24E6DDF-4093-4903-9330-3BE023175779}.Release|Any CPU.ActiveCfg = Release|Any CPU
		{D24E6DDF-4093-4903-9330-3BE023175779}.Release|Any CPU.Build.0 = Release|Any CPU
		{F805C9C7-99D2-42E3-9209-808A078FCA78}.Debug|Any CPU.ActiveCfg = Debug|Any CPU
		{F805C9C7-99D2-42E3-9209-808A078FCA78}.Debug|Any CPU.Build.0 = Debug|Any CPU
		{F805C9C7-99D2-42E3-9209-808A078FCA78}.Release|Any CPU.ActiveCfg = Release|Any CPU
		{F805C9C7-99D2-42E3-9209-808A078FCA78}.Release|Any CPU.Build.0 = Release|Any CPU
		{3D757C0A-3DE2-40AF-90CD-1131627F446C}.Debug|Any CPU.ActiveCfg = Debug|Any CPU
		{3D757C0A-3DE2-40AF-90CD-1131627F446C}.Debug|Any CPU.Build.0 = Debug|Any CPU
		{3D757C0A-3DE2-40AF-90CD-1131627F446C}.Release|Any CPU.ActiveCfg = Release|Any CPU
		{3D757C0A-3DE2-40AF-90CD-1131627F446C}.Release|Any CPU.Build.0 = Release|Any CPU
		{7442F3B2-0315-48B3-9500-D366CC8CB6CF}.Debug|Any CPU.ActiveCfg = Debug|Any CPU
		{7442F3B2-0315-48B3-9500-D366CC8CB6CF}.Debug|Any CPU.Build.0 = Debug|Any CPU
		{7442F3B2-0315-48B3-9500-D366CC8CB6CF}.Release|Any CPU.ActiveCfg = Release|Any CPU
		{7442F3B2-0315-48B3-9500-D366CC8CB6CF}.Release|Any CPU.Build.0 = Release|Any CPU
		{ED0D4737-ECB5-4E08-BEFD-631C5198897A}.Debug|Any CPU.ActiveCfg = Debug|Any CPU
		{ED0D4737-ECB5-4E08-BEFD-631C5198897A}.Debug|Any CPU.Build.0 = Debug|Any CPU
		{ED0D4737-ECB5-4E08-BEFD-631C5198897A}.Release|Any CPU.ActiveCfg = Release|Any CPU
		{ED0D4737-ECB5-4E08-BEFD-631C5198897A}.Release|Any CPU.Build.0 = Release|Any CPU
		{D9749351-3A7F-419D-9134-71B2B59E5F93}.Debug|Any CPU.ActiveCfg = Debug|Any CPU
		{D9749351-3A7F-419D-9134-71B2B59E5F93}.Debug|Any CPU.Build.0 = Debug|Any CPU
		{D9749351-3A7F-419D-9134-71B2B59E5F93}.Release|Any CPU.ActiveCfg = Release|Any CPU
		{D9749351-3A7F-419D-9134-71B2B59E5F93}.Release|Any CPU.Build.0 = Release|Any CPU
		{F7C6FE3D-6A29-4AF9-9D81-3B315F395255}.Debug|Any CPU.ActiveCfg = Debug|Any CPU
		{F7C6FE3D-6A29-4AF9-9D81-3B315F395255}.Debug|Any CPU.Build.0 = Debug|Any CPU
		{F7C6FE3D-6A29-4AF9-9D81-3B315F395255}.Release|Any CPU.ActiveCfg = Release|Any CPU
		{F7C6FE3D-6A29-4AF9-9D81-3B315F395255}.Release|Any CPU.Build.0 = Release|Any CPU
		{59E10F4F-0800-423B-9716-7F66556C7DDC}.Debug|Any CPU.ActiveCfg = Debug|Any CPU
		{59E10F4F-0800-423B-9716-7F66556C7DDC}.Debug|Any CPU.Build.0 = Debug|Any CPU
		{59E10F4F-0800-423B-9716-7F66556C7DDC}.Release|Any CPU.ActiveCfg = Release|Any CPU
		{59E10F4F-0800-423B-9716-7F66556C7DDC}.Release|Any CPU.Build.0 = Release|Any CPU
		{7DED34D7-5A4B-4527-9160-689D3CC0F763}.Debug|Any CPU.ActiveCfg = Debug|Any CPU
		{7DED34D7-5A4B-4527-9160-689D3CC0F763}.Debug|Any CPU.Build.0 = Debug|Any CPU
		{7DED34D7-5A4B-4527-9160-689D3CC0F763}.Release|Any CPU.ActiveCfg = Release|Any CPU
		{7DED34D7-5A4B-4527-9160-689D3CC0F763}.Release|Any CPU.Build.0 = Release|Any CPU
		{A0E5E8AB-5904-4133-9B97-B83B635743C3}.Debug|Any CPU.ActiveCfg = Debug|Any CPU
		{A0E5E8AB-5904-4133-9B97-B83B635743C3}.Debug|Any CPU.Build.0 = Debug|Any CPU
		{A0E5E8AB-5904-4133-9B97-B83B635743C3}.Release|Any CPU.ActiveCfg = Release|Any CPU
		{A0E5E8AB-5904-4133-9B97-B83B635743C3}.Release|Any CPU.Build.0 = Release|Any CPU
		{6974C44E-BA56-4938-9703-997797A0B178}.Debug|Any CPU.ActiveCfg = Debug|Any CPU
		{6974C44E-BA56-4938-9703-997797A0B178}.Debug|Any CPU.Build.0 = Debug|Any CPU
		{6974C44E-BA56-4938-9703-997797A0B178}.Release|Any CPU.ActiveCfg = Release|Any CPU
		{6974C44E-BA56-4938-9703-997797A0B178}.Release|Any CPU.Build.0 = Release|Any CPU
		{84722376-013E-4A4E-81FA-C02B26EBD93F}.Debug|Any CPU.ActiveCfg = Debug|Any CPU
		{84722376-013E-4A4E-81FA-C02B26EBD93F}.Debug|Any CPU.Build.0 = Debug|Any CPU
		{84722376-013E-4A4E-81FA-C02B26EBD93F}.Release|Any CPU.ActiveCfg = Release|Any CPU
		{84722376-013E-4A4E-81FA-C02B26EBD93F}.Release|Any CPU.Build.0 = Release|Any CPU
		{B15D9091-A41E-4B54-8392-84A7B27AA5C4}.Debug|Any CPU.ActiveCfg = Debug|Any CPU
		{B15D9091-A41E-4B54-8392-84A7B27AA5C4}.Debug|Any CPU.Build.0 = Debug|Any CPU
		{B15D9091-A41E-4B54-8392-84A7B27AA5C4}.Release|Any CPU.ActiveCfg = Release|Any CPU
		{B15D9091-A41E-4B54-8392-84A7B27AA5C4}.Release|Any CPU.Build.0 = Release|Any CPU
		{DA076366-830D-4DCB-9830-17BCAC90EC1A}.Debug|Any CPU.ActiveCfg = Debug|Any CPU
		{DA076366-830D-4DCB-9830-17BCAC90EC1A}.Debug|Any CPU.Build.0 = Debug|Any CPU
		{DA076366-830D-4DCB-9830-17BCAC90EC1A}.Release|Any CPU.ActiveCfg = Release|Any CPU
		{DA076366-830D-4DCB-9830-17BCAC90EC1A}.Release|Any CPU.Build.0 = Release|Any CPU
		{0F3FFB8F-4C23-468C-992D-67EE67C66BA1}.Debug|Any CPU.ActiveCfg = Debug|Any CPU
		{0F3FFB8F-4C23-468C-992D-67EE67C66BA1}.Debug|Any CPU.Build.0 = Debug|Any CPU
		{0F3FFB8F-4C23-468C-992D-67EE67C66BA1}.Release|Any CPU.ActiveCfg = Release|Any CPU
		{0F3FFB8F-4C23-468C-992D-67EE67C66BA1}.Release|Any CPU.Build.0 = Release|Any CPU
		{18E75E70-A3AD-4610-A4F6-005713605126}.Debug|Any CPU.ActiveCfg = Debug|Any CPU
		{18E75E70-A3AD-4610-A4F6-005713605126}.Debug|Any CPU.Build.0 = Debug|Any CPU
		{18E75E70-A3AD-4610-A4F6-005713605126}.Release|Any CPU.ActiveCfg = Release|Any CPU
		{18E75E70-A3AD-4610-A4F6-005713605126}.Release|Any CPU.Build.0 = Release|Any CPU
		{045FDE6D-F0EF-4306-A9D3-F2B7DB60B3A5}.Debug|Any CPU.ActiveCfg = Debug|Any CPU
		{045FDE6D-F0EF-4306-A9D3-F2B7DB60B3A5}.Debug|Any CPU.Build.0 = Debug|Any CPU
		{045FDE6D-F0EF-4306-A9D3-F2B7DB60B3A5}.Release|Any CPU.ActiveCfg = Release|Any CPU
		{045FDE6D-F0EF-4306-A9D3-F2B7DB60B3A5}.Release|Any CPU.Build.0 = Release|Any CPU
		{90FF71A6-979F-4D8C-A268-4A072D1E96B4}.Debug|Any CPU.ActiveCfg = Debug|Any CPU
		{90FF71A6-979F-4D8C-A268-4A072D1E96B4}.Debug|Any CPU.Build.0 = Debug|Any CPU
		{90FF71A6-979F-4D8C-A268-4A072D1E96B4}.Release|Any CPU.ActiveCfg = Release|Any CPU
		{90FF71A6-979F-4D8C-A268-4A072D1E96B4}.Release|Any CPU.Build.0 = Release|Any CPU
		{D0D6CBF6-5A40-4ED7-9221-A4C9CDF4ADB6}.Debug|Any CPU.ActiveCfg = Debug|Any CPU
		{D0D6CBF6-5A40-4ED7-9221-A4C9CDF4ADB6}.Debug|Any CPU.Build.0 = Debug|Any CPU
		{D0D6CBF6-5A40-4ED7-9221-A4C9CDF4ADB6}.Release|Any CPU.ActiveCfg = Release|Any CPU
		{D0D6CBF6-5A40-4ED7-9221-A4C9CDF4ADB6}.Release|Any CPU.Build.0 = Release|Any CPU
		{887D2C05-B3CC-429F-B991-13CEB906ACA2}.Debug|Any CPU.ActiveCfg = Debug|Any CPU
		{887D2C05-B3CC-429F-B991-13CEB906ACA2}.Debug|Any CPU.Build.0 = Debug|Any CPU
		{887D2C05-B3CC-429F-B991-13CEB906ACA2}.Release|Any CPU.ActiveCfg = Release|Any CPU
		{887D2C05-B3CC-429F-B991-13CEB906ACA2}.Release|Any CPU.Build.0 = Release|Any CPU
		{E6ABA7E6-8463-48DD-9B76-471FE21EC48A}.Debug|Any CPU.ActiveCfg = Debug|Any CPU
		{E6ABA7E6-8463-48DD-9B76-471FE21EC48A}.Debug|Any CPU.Build.0 = Debug|Any CPU
		{E6ABA7E6-8463-48DD-9B76-471FE21EC48A}.Release|Any CPU.ActiveCfg = Release|Any CPU
		{E6ABA7E6-8463-48DD-9B76-471FE21EC48A}.Release|Any CPU.Build.0 = Release|Any CPU
		{39AA9B24-1579-454B-9145-1B34EC90613E}.Debug|Any CPU.ActiveCfg = Debug|Any CPU
		{39AA9B24-1579-454B-9145-1B34EC90613E}.Debug|Any CPU.Build.0 = Debug|Any CPU
		{39AA9B24-1579-454B-9145-1B34EC90613E}.Release|Any CPU.ActiveCfg = Release|Any CPU
		{39AA9B24-1579-454B-9145-1B34EC90613E}.Release|Any CPU.Build.0 = Release|Any CPU
		{823E737A-3887-4EFB-BA4D-FECCF900E451}.Debug|Any CPU.ActiveCfg = Debug|Any CPU
		{823E737A-3887-4EFB-BA4D-FECCF900E451}.Debug|Any CPU.Build.0 = Debug|Any CPU
		{823E737A-3887-4EFB-BA4D-FECCF900E451}.Release|Any CPU.ActiveCfg = Release|Any CPU
		{823E737A-3887-4EFB-BA4D-FECCF900E451}.Release|Any CPU.Build.0 = Release|Any CPU
		{2A097BB2-08A9-4DDA-B283-C5E60C1BCB0D}.Debug|Any CPU.ActiveCfg = Debug|Any CPU
		{2A097BB2-08A9-4DDA-B283-C5E60C1BCB0D}.Debug|Any CPU.Build.0 = Debug|Any CPU
		{2A097BB2-08A9-4DDA-B283-C5E60C1BCB0D}.Release|Any CPU.ActiveCfg = Release|Any CPU
		{2A097BB2-08A9-4DDA-B283-C5E60C1BCB0D}.Release|Any CPU.Build.0 = Release|Any CPU
		{DDE605F3-3C82-424C-9CEE-C9178A38F084}.Debug|Any CPU.ActiveCfg = Debug|Any CPU
		{DDE605F3-3C82-424C-9CEE-C9178A38F084}.Debug|Any CPU.Build.0 = Debug|Any CPU
		{DDE605F3-3C82-424C-9CEE-C9178A38F084}.Release|Any CPU.ActiveCfg = Release|Any CPU
		{DDE605F3-3C82-424C-9CEE-C9178A38F084}.Release|Any CPU.Build.0 = Release|Any CPU
		{3EF32C93-CFEB-4BAE-87E8-576A13C41F34}.Debug|Any CPU.ActiveCfg = Debug|Any CPU
		{3EF32C93-CFEB-4BAE-87E8-576A13C41F34}.Debug|Any CPU.Build.0 = Debug|Any CPU
		{3EF32C93-CFEB-4BAE-87E8-576A13C41F34}.Release|Any CPU.ActiveCfg = Release|Any CPU
		{3EF32C93-CFEB-4BAE-87E8-576A13C41F34}.Release|Any CPU.Build.0 = Release|Any CPU
		{D0E46C0A-A400-4307-BECE-96113F1ADD6E}.Debug|Any CPU.ActiveCfg = Debug|Any CPU
		{D0E46C0A-A400-4307-BECE-96113F1ADD6E}.Debug|Any CPU.Build.0 = Debug|Any CPU
		{D0E46C0A-A400-4307-BECE-96113F1ADD6E}.Release|Any CPU.ActiveCfg = Release|Any CPU
		{D0E46C0A-A400-4307-BECE-96113F1ADD6E}.Release|Any CPU.Build.0 = Release|Any CPU
		{3E776FAB-0E49-4BB8-8D1B-139068609A5A}.Debug|Any CPU.ActiveCfg = Debug|Any CPU
		{3E776FAB-0E49-4BB8-8D1B-139068609A5A}.Debug|Any CPU.Build.0 = Debug|Any CPU
		{3E776FAB-0E49-4BB8-8D1B-139068609A5A}.Release|Any CPU.ActiveCfg = Release|Any CPU
		{3E776FAB-0E49-4BB8-8D1B-139068609A5A}.Release|Any CPU.Build.0 = Release|Any CPU
		{780F8C7E-9308-4668-A01E-E0FB98C9A2B5}.Debug|Any CPU.ActiveCfg = Debug|Any CPU
		{780F8C7E-9308-4668-A01E-E0FB98C9A2B5}.Debug|Any CPU.Build.0 = Debug|Any CPU
		{780F8C7E-9308-4668-A01E-E0FB98C9A2B5}.Release|Any CPU.ActiveCfg = Release|Any CPU
		{780F8C7E-9308-4668-A01E-E0FB98C9A2B5}.Release|Any CPU.Build.0 = Release|Any CPU
		{F3E0C13D-D82B-4C4B-89EA-F3070EAEEB04}.Debug|Any CPU.ActiveCfg = Debug|Any CPU
		{F3E0C13D-D82B-4C4B-89EA-F3070EAEEB04}.Debug|Any CPU.Build.0 = Debug|Any CPU
		{F3E0C13D-D82B-4C4B-89EA-F3070EAEEB04}.Release|Any CPU.ActiveCfg = Release|Any CPU
		{F3E0C13D-D82B-4C4B-89EA-F3070EAEEB04}.Release|Any CPU.Build.0 = Release|Any CPU
		{12944D7A-D805-4A04-86F6-6E3424743439}.Debug|Any CPU.ActiveCfg = Debug|Any CPU
		{12944D7A-D805-4A04-86F6-6E3424743439}.Debug|Any CPU.Build.0 = Debug|Any CPU
		{12944D7A-D805-4A04-86F6-6E3424743439}.Release|Any CPU.ActiveCfg = Release|Any CPU
		{12944D7A-D805-4A04-86F6-6E3424743439}.Release|Any CPU.Build.0 = Release|Any CPU
		{DDFB30A1-4478-4617-8D51-CC67877F92E7}.Debug|Any CPU.ActiveCfg = Debug|Any CPU
		{DDFB30A1-4478-4617-8D51-CC67877F92E7}.Debug|Any CPU.Build.0 = Debug|Any CPU
		{DDFB30A1-4478-4617-8D51-CC67877F92E7}.Release|Any CPU.ActiveCfg = Release|Any CPU
		{DDFB30A1-4478-4617-8D51-CC67877F92E7}.Release|Any CPU.Build.0 = Release|Any CPU
		{74E4841D-8919-4AD7-828E-90DEB9D00E33}.Debug|Any CPU.ActiveCfg = Debug|Any CPU
		{74E4841D-8919-4AD7-828E-90DEB9D00E33}.Debug|Any CPU.Build.0 = Debug|Any CPU
		{74E4841D-8919-4AD7-828E-90DEB9D00E33}.Release|Any CPU.ActiveCfg = Release|Any CPU
		{74E4841D-8919-4AD7-828E-90DEB9D00E33}.Release|Any CPU.Build.0 = Release|Any CPU
		{EABFAD3E-67A0-42A4-9A75-5441F4214848}.Debug|Any CPU.ActiveCfg = Debug|Any CPU
		{EABFAD3E-67A0-42A4-9A75-5441F4214848}.Debug|Any CPU.Build.0 = Debug|Any CPU
		{EABFAD3E-67A0-42A4-9A75-5441F4214848}.Release|Any CPU.ActiveCfg = Release|Any CPU
		{EABFAD3E-67A0-42A4-9A75-5441F4214848}.Release|Any CPU.Build.0 = Release|Any CPU
		{A52463D9-250F-4BB0-9710-46A3A99DDD42}.Debug|Any CPU.ActiveCfg = Debug|Any CPU
		{A52463D9-250F-4BB0-9710-46A3A99DDD42}.Debug|Any CPU.Build.0 = Debug|Any CPU
		{A52463D9-250F-4BB0-9710-46A3A99DDD42}.Release|Any CPU.ActiveCfg = Release|Any CPU
		{A52463D9-250F-4BB0-9710-46A3A99DDD42}.Release|Any CPU.Build.0 = Release|Any CPU
		{851AC221-2EB5-4E01-B2FD-BB044F31CE1B}.Debug|Any CPU.ActiveCfg = Debug|Any CPU
		{851AC221-2EB5-4E01-B2FD-BB044F31CE1B}.Debug|Any CPU.Build.0 = Debug|Any CPU
		{851AC221-2EB5-4E01-B2FD-BB044F31CE1B}.Release|Any CPU.ActiveCfg = Release|Any CPU
		{851AC221-2EB5-4E01-B2FD-BB044F31CE1B}.Release|Any CPU.Build.0 = Release|Any CPU
		{45BFA84A-6398-4F8C-BBDA-10FB9F080375}.Debug|Any CPU.ActiveCfg = Debug|Any CPU
		{45BFA84A-6398-4F8C-BBDA-10FB9F080375}.Debug|Any CPU.Build.0 = Debug|Any CPU
		{45BFA84A-6398-4F8C-BBDA-10FB9F080375}.Release|Any CPU.ActiveCfg = Release|Any CPU
		{45BFA84A-6398-4F8C-BBDA-10FB9F080375}.Release|Any CPU.Build.0 = Release|Any CPU
	EndGlobalSection
	GlobalSection(SolutionProperties) = preSolution
		HideSolutionNode = FALSE
	EndGlobalSection
	GlobalSection(NestedProjects) = preSolution
		{909DE045-F253-4CF8-A0C3-1B6389FA5679} = {FBA182FB-AE6B-46B7-8ACF-5F1E16F7C1C8}
		{F3DB589F-1376-413D-A12E-ECF01BAC3928} = {FBA182FB-AE6B-46B7-8ACF-5F1E16F7C1C8}
		{0F8B1EE6-AB50-46D9-9678-81BF127D7DCA} = {F2564AAE-00BA-4F18-AA01-A4F15F6FBC57}
		{B8161E9C-E910-4893-BB5B-BAE602A6E985} = {F2564AAE-00BA-4F18-AA01-A4F15F6FBC57}
		{D24E6DDF-4093-4903-9330-3BE023175779} = {F2564AAE-00BA-4F18-AA01-A4F15F6FBC57}
		{F805C9C7-99D2-42E3-9209-808A078FCA78} = {F2564AAE-00BA-4F18-AA01-A4F15F6FBC57}
		{3D757C0A-3DE2-40AF-90CD-1131627F446C} = {F2564AAE-00BA-4F18-AA01-A4F15F6FBC57}
		{7442F3B2-0315-48B3-9500-D366CC8CB6CF} = {4E6500F7-D030-4109-B1EE-B2C5FCE5805D}
		{ED0D4737-ECB5-4E08-BEFD-631C5198897A} = {F2564AAE-00BA-4F18-AA01-A4F15F6FBC57}
		{D9749351-3A7F-419D-9134-71B2B59E5F93} = {31E95127-1526-4593-B8A6-4A1D5B72B514}
		{F7C6FE3D-6A29-4AF9-9D81-3B315F395255} = {E037F4EC-C4FB-4190-8E41-DA51EF56F76A}
		{59E10F4F-0800-423B-9716-7F66556C7DDC} = {E037F4EC-C4FB-4190-8E41-DA51EF56F76A}
		{7DED34D7-5A4B-4527-9160-689D3CC0F763} = {E037F4EC-C4FB-4190-8E41-DA51EF56F76A}
		{A0E5E8AB-5904-4133-9B97-B83B635743C3} = {E037F4EC-C4FB-4190-8E41-DA51EF56F76A}
		{6974C44E-BA56-4938-9703-997797A0B178} = {77AE5DC9-0FE0-4D1E-B303-FB3D2BF22331}
		{84722376-013E-4A4E-81FA-C02B26EBD93F} = {128B6688-F51A-4ABC-ADB5-EB68AE396244}
		{B15D9091-A41E-4B54-8392-84A7B27AA5C4} = {FA4C8E14-B9A2-42FC-9780-73587400B4B6}
		{0F3FFB8F-4C23-468C-992D-67EE67C66BA1} = {24A3C970-E605-4C8C-AFA9-637BDD51E7F1}
		{18E75E70-A3AD-4610-A4F6-005713605126} = {398A00A5-9E51-40BE-9DDF-9979578FBCEF}
		{045FDE6D-F0EF-4306-A9D3-F2B7DB60B3A5} = {324E51CE-8124-4986-9DD1-7F46E3A1024D}
		{90FF71A6-979F-4D8C-A268-4A072D1E96B4} = {273247F9-3A92-4C53-A90B-EFC455367977}
		{D0D6CBF6-5A40-4ED7-9221-A4C9CDF4ADB6} = {273247F9-3A92-4C53-A90B-EFC455367977}
		{887D2C05-B3CC-429F-B991-13CEB906ACA2} = {F2564AAE-00BA-4F18-AA01-A4F15F6FBC57}
		{E6ABA7E6-8463-48DD-9B76-471FE21EC48A} = {919E4514-6223-4C1C-B7BC-C178653E4625}
		{39AA9B24-1579-454B-9145-1B34EC90613E} = {B3D0DE76-6001-4424-8CED-A232BF116E01}
		{823E737A-3887-4EFB-BA4D-FECCF900E451} = {B3D0DE76-6001-4424-8CED-A232BF116E01}
		{2A097BB2-08A9-4DDA-B283-C5E60C1BCB0D} = {B3D0DE76-6001-4424-8CED-A232BF116E01}
		{DDE605F3-3C82-424C-9CEE-C9178A38F084} = {F4A4BCF3-DAE4-4237-8E8B-7BA60BAA8A9A}
		{3EF32C93-CFEB-4BAE-87E8-576A13C41F34} = {9D0C2577-9E72-44B8-804E-0077F12D5192}
		{D0E46C0A-A400-4307-BECE-96113F1ADD6E} = {A1360DE7-EBA4-44C3-AFFE-35F2B5EF3240}
		{3E776FAB-0E49-4BB8-8D1B-139068609A5A} = {A1360DE7-EBA4-44C3-AFFE-35F2B5EF3240}
		{780F8C7E-9308-4668-A01E-E0FB98C9A2B5} = {A1360DE7-EBA4-44C3-AFFE-35F2B5EF3240}
		{55E29385-AD2D-4359-86CD-41333E0609FB} = {A1360DE7-EBA4-44C3-AFFE-35F2B5EF3240}
		{F3E0C13D-D82B-4C4B-89EA-F3070EAEEB04} = {A1360DE7-EBA4-44C3-AFFE-35F2B5EF3240}
		{12944D7A-D805-4A04-86F6-6E3424743439} = {B3D0DE76-6001-4424-8CED-A232BF116E01}
		{DDFB30A1-4478-4617-8D51-CC67877F92E7} = {4347004C-3948-4246-A16D-1CB172CF234E}
		{74E4841D-8919-4AD7-828E-90DEB9D00E33} = {768FA4BA-E778-4AAB-A77C-4CA83642B822}
		{EABFAD3E-67A0-42A4-9A75-5441F4214848} = {B3D0DE76-6001-4424-8CED-A232BF116E01}
		{A52463D9-250F-4BB0-9710-46A3A99DDD42} = {BB83C8AB-97D0-42D6-9451-6D1D94B8BC97}
		{851AC221-2EB5-4E01-B2FD-BB044F31CE1B} = {B8C9016A-CFF8-4F7C-9670-7C326396265D}
		{45BFA84A-6398-4F8C-BBDA-10FB9F080375} = {B8C9016A-CFF8-4F7C-9670-7C326396265D}
	EndGlobalSection
	GlobalSection(ExtensibilityGlobals) = postSolution
		SolutionGuid = {FDEE91D6-534A-439E-A950-E3FB040BE194}
	EndGlobalSection
EndGlobal
