
Microsoft Visual Studio Solution File, Format Version 12.00
# Visual Studio Version 17
VisualStudioVersion = 17.5.002.0
MinimumVisualStudioVersion = 10.0.40219.1
Project("{9A19103F-16F7-4668-BE54-9A1E7A4F7556}") = "DemoMicroService", "DemoMicroService.csproj", "{4B0132F2-1F84-46F5-9F07-CD2ED2E91E6C}"
EndProject
Global
	GlobalSection(SolutionConfigurationPlatforms) = preSolution
		Debug|Any CPU = Debug|Any CPU
		Release|Any CPU = Release|Any CPU
	EndGlobalSection
	GlobalSection(ProjectConfigurationPlatforms) = postSolution
		{4B0132F2-1F84-46F5-9F07-CD2ED2E91E6C}.Debug|Any CPU.ActiveCfg = Debug|Any CPU
		{4B0132F2-1F84-46F5-9F07-CD2ED2E91E6C}.Debug|Any CPU.Build.0 = Debug|Any CPU
		{4B0132F2-1F84-46F5-9F07-CD2ED2E91E6C}.Release|Any CPU.ActiveCfg = Release|Any CPU
		{4B0132F2-1F84-46F5-9F07-CD2ED2E91E6C}.Release|Any CPU.Build.0 = Release|Any CPU
	EndGlobalSection
	GlobalSection(SolutionProperties) = preSolution
		HideSolutionNode = FALSE
	EndGlobalSection
	GlobalSection(ExtensibilityGlobals) = postSolution
		SolutionGuid = {6C2859B9-4305-44B1-B3DA-79F051C5D150}
	EndGlobalSection
EndGlobal
